
Microsoft Visual Studio Solution File, Format Version 12.00
# Visual Studio 15
VisualStudioVersion = 15.0.28307.168
MinimumVisualStudioVersion = 10.0.40219.1
Project("{FAE04EC0-301F-11D3-BF4B-00C04F79EFBC}") = "WEEK5", "WEEK5\WEEK5.csproj", "{0E64A549-4879-4F2F-82A5-7582ED90D606}"
EndProject
Project("{FAE04EC0-301F-11D3-BF4B-00C04F79EFBC}") = "Forpser", "Forpser\Forpser.csproj", "{63FB2468-B6AD-4C29-97BC-01879C23800F}"
EndProject
Project("{FAE04EC0-301F-11D3-BF4B-00C04F79EFBC}") = "mid1", "mid1\mid1.csproj", "{D8DA13E0-C532-4421-B33A-DBA678EE6F33}"
EndProject
Global
	GlobalSection(SolutionConfigurationPlatforms) = preSolution
		Debug|Any CPU = Debug|Any CPU
		Release|Any CPU = Release|Any CPU
	EndGlobalSection
	GlobalSection(ProjectConfigurationPlatforms) = postSolution
		{0E64A549-4879-4F2F-82A5-7582ED90D606}.Debug|Any CPU.ActiveCfg = Debug|Any CPU
		{0E64A549-4879-4F2F-82A5-7582ED90D606}.Debug|Any CPU.Build.0 = Debug|Any CPU
		{0E64A549-4879-4F2F-82A5-7582ED90D606}.Release|Any CPU.ActiveCfg = Release|Any CPU
		{0E64A549-4879-4F2F-82A5-7582ED90D606}.Release|Any CPU.Build.0 = Release|Any CPU
		{63FB2468-B6AD-4C29-97BC-01879C23800F}.Debug|Any CPU.ActiveCfg = Debug|Any CPU
		{63FB2468-B6AD-4C29-97BC-01879C23800F}.Debug|Any CPU.Build.0 = Debug|Any CPU
		{63FB2468-B6AD-4C29-97BC-01879C23800F}.Release|Any CPU.ActiveCfg = Release|Any CPU
		{63FB2468-B6AD-4C29-97BC-01879C23800F}.Release|Any CPU.Build.0 = Release|Any CPU
		{D8DA13E0-C532-4421-B33A-DBA678EE6F33}.Debug|Any CPU.ActiveCfg = Debug|Any CPU
		{D8DA13E0-C532-4421-B33A-DBA678EE6F33}.Debug|Any CPU.Build.0 = Debug|Any CPU
		{D8DA13E0-C532-4421-B33A-DBA678EE6F33}.Release|Any CPU.ActiveCfg = Release|Any CPU
		{D8DA13E0-C532-4421-B33A-DBA678EE6F33}.Release|Any CPU.Build.0 = Release|Any CPU
	EndGlobalSection
	GlobalSection(SolutionProperties) = preSolution
		HideSolutionNode = FALSE
	EndGlobalSection
	GlobalSection(ExtensibilityGlobals) = postSolution
		SolutionGuid = {6807862A-E54D-4A62-85D2-BAC687028DED}
	EndGlobalSection
EndGlobal
